
Microsoft Visual Studio Solution File, Format Version 12.00
# Visual Studio 15
VisualStudioVersion = 15.0.28307.271
MinimumVisualStudioVersion = 10.0.40219.1
Project("{FAE04EC0-301F-11D3-BF4B-00C04F79EFBC}") = "Quick_Turn_App", "Quick_Turn_App\Quick_Turn_App.csproj", "{ADC13C86-65D1-40EE-8424-6D5195EE9161}"
EndProject
Project("{2150E333-8FDC-42A3-9474-1A3956D46DE8}") = "Solution Items", "Solution Items", "{7BE68299-F355-43FF-892C-B87300447E50}"
EndProject
Global
	GlobalSection(SolutionConfigurationPlatforms) = preSolution
		Debug|Any CPU = Debug|Any CPU
		Release|Any CPU = Release|Any CPU
	EndGlobalSection
	GlobalSection(ProjectConfigurationPlatforms) = postSolution
		{ADC13C86-65D1-40EE-8424-6D5195EE9161}.Debug|Any CPU.ActiveCfg = Debug|Any CPU
		{ADC13C86-65D1-40EE-8424-6D5195EE9161}.Debug|Any CPU.Build.0 = Debug|Any CPU
		{ADC13C86-65D1-40EE-8424-6D5195EE9161}.Release|Any CPU.ActiveCfg = Release|Any CPU
		{ADC13C86-65D1-40EE-8424-6D5195EE9161}.Release|Any CPU.Build.0 = Release|Any CPU
	EndGlobalSection
	GlobalSection(SolutionProperties) = preSolution
		HideSolutionNode = FALSE
	EndGlobalSection
	GlobalSection(ExtensibilityGlobals) = postSolution
		SolutionGuid = {53FD023E-9390-4C1F-B171-1E38FFFD3BC8}
	EndGlobalSection
EndGlobal
